// !$*UTF8*$!
{
	archiveVersion = 1;
	classes = {
	};
	objectVersion = 46;
	objects = {

/* Begin PBXBuildFile section */
		177B71BF5FFD716CB54CFA4F /* libPods-XQQYingyanDemo.a in Frameworks */ = {isa = PBXBuildFile; fileRef = AB8A08F318C5483CB31D26B4 /* libPods-XQQYingyanDemo.a */; };
		6728886D1D6D2FE800B8AFCC /* CuiPickerView.m in Sources */ = {isa = PBXBuildFile; fileRef = 6728886C1D6D2FE800B8AFCC /* CuiPickerView.m */; };
		67F2E3951D6BDE8F002585C2 /* main.m in Sources */ = {isa = PBXBuildFile; fileRef = 67F2E3941D6BDE8F002585C2 /* main.m */; };
		67F2E3981D6BDE8F002585C2 /* AppDelegate.m in Sources */ = {isa = PBXBuildFile; fileRef = 67F2E3971D6BDE8F002585C2 /* AppDelegate.m */; };
		67F2E3A01D6BDE8F002585C2 /* Assets.xcassets in Resources */ = {isa = PBXBuildFile; fileRef = 67F2E39F1D6BDE8F002585C2 /* Assets.xcassets */; };
		67F2E3AC1D6BDEB9002585C2 /* mainViewController.m in Sources */ = {isa = PBXBuildFile; fileRef = 67F2E3AB1D6BDEB9002585C2 /* mainViewController.m */; };
		67F2E3D51D6BE112002585C2 /* secondViewController.m in Sources */ = {isa = PBXBuildFile; fileRef = 67F2E3D41D6BE112002585C2 /* secondViewController.m */; };
		67F2E3D71D6BE185002585C2 /* BaiduTraceSDK.framework in Frameworks */ = {isa = PBXBuildFile; fileRef = 67F2E3D61D6BE185002585C2 /* BaiduTraceSDK.framework */; };
		67FF7A071D6BEBF200266D16 /* BaiduTraceSDK.framework in Frameworks */ = {isa = PBXBuildFile; fileRef = 67F2E3D61D6BE185002585C2 /* BaiduTraceSDK.framework */; };
		67FF7A081D6BEBF200266D16 /* BaiduTraceSDK.framework in Embed Frameworks */ = {isa = PBXBuildFile; fileRef = 67F2E3D61D6BE185002585C2 /* BaiduTraceSDK.framework */; settings = {ATTRIBUTES = (CodeSignOnCopy, RemoveHeadersOnCopy, ); }; };
		67FF7A0B1D6C188C00266D16 /* CoreLocation.framework in Frameworks */ = {isa = PBXBuildFile; fileRef = 67FF7A0A1D6C188C00266D16 /* CoreLocation.framework */; };
		67FF7A0D1D6C189500266D16 /* QuartzCore.framework in Frameworks */ = {isa = PBXBuildFile; fileRef = 67FF7A0C1D6C189500266D16 /* QuartzCore.framework */; };
		67FF7A0F1D6C189E00266D16 /* OpenGLES.framework in Frameworks */ = {isa = PBXBuildFile; fileRef = 67FF7A0E1D6C189E00266D16 /* OpenGLES.framework */; };
		67FF7A111D6C18A600266D16 /* SystemConfiguration.framework in Frameworks */ = {isa = PBXBuildFile; fileRef = 67FF7A101D6C18A600266D16 /* SystemConfiguration.framework */; };
		67FF7A131D6C18AE00266D16 /* CoreGraphics.framework in Frameworks */ = {isa = PBXBuildFile; fileRef = 67FF7A121D6C18AE00266D16 /* CoreGraphics.framework */; };
		67FF7A151D6C18B600266D16 /* Security.framework in Frameworks */ = {isa = PBXBuildFile; fileRef = 67FF7A141D6C18B600266D16 /* Security.framework */; };
		67FF7A171D6C18BE00266D16 /* libsqlite3.0.tbd in Frameworks */ = {isa = PBXBuildFile; fileRef = 67FF7A161D6C18BE00266D16 /* libsqlite3.0.tbd */; };
		67FF7A191D6C18C700266D16 /* CoreTelephony.framework in Frameworks */ = {isa = PBXBuildFile; fileRef = 67FF7A181D6C18C700266D16 /* CoreTelephony.framework */; };
		67FF7A1B1D6C18D400266D16 /* libstdc++.6.0.9.tbd in Frameworks */ = {isa = PBXBuildFile; fileRef = 67FF7A1A1D6C18D400266D16 /* libstdc++.6.0.9.tbd */; };
/* End PBXBuildFile section */

/* Begin PBXCopyFilesBuildPhase section */
		67FF7A091D6BEBF200266D16 /* Embed Frameworks */ = {
			isa = PBXCopyFilesBuildPhase;
			buildActionMask = 2147483647;
			dstPath = "";
			dstSubfolderSpec = 10;
			files = (
				67FF7A081D6BEBF200266D16 /* BaiduTraceSDK.framework in Embed Frameworks */,
			);
			name = "Embed Frameworks";
			runOnlyForDeploymentPostprocessing = 0;
		};
/* End PBXCopyFilesBuildPhase section */

/* Begin PBXFileReference section */
		3F5A0332841E6D9A3A442BE8 /* Pods-XQQYingyanDemo.release.xcconfig */ = {isa = PBXFileReference; includeInIndex = 1; lastKnownFileType = text.xcconfig; name = "Pods-XQQYingyanDemo.release.xcconfig"; path = "Pods/Target Support Files/Pods-XQQYingyanDemo/Pods-XQQYingyanDemo.release.xcconfig"; sourceTree = "<group>"; };
		48109ED8CCDA2F2062F1360F /* Pods-XQQYingyanDemo.debug.xcconfig */ = {isa = PBXFileReference; includeInIndex = 1; lastKnownFileType = text.xcconfig; name = "Pods-XQQYingyanDemo.debug.xcconfig"; path = "Pods/Target Support Files/Pods-XQQYingyanDemo/Pods-XQQYingyanDemo.debug.xcconfig"; sourceTree = "<group>"; };
		6728886B1D6D2FE800B8AFCC /* CuiPickerView.h */ = {isa = PBXFileReference; fileEncoding = 4; lastKnownFileType = sourcecode.c.h; path = CuiPickerView.h; sourceTree = SOURCE_ROOT; };
		6728886C1D6D2FE800B8AFCC /* CuiPickerView.m */ = {isa = PBXFileReference; fileEncoding = 4; lastKnownFileType = sourcecode.c.objc; path = CuiPickerView.m; sourceTree = SOURCE_ROOT; };
		67F2E3901D6BDE8F002585C2 /* XQQYingyanDemo.app */ = {isa = PBXFileReference; explicitFileType = wrapper.application; includeInIndex = 0; path = XQQYingyanDemo.app; sourceTree = BUILT_PRODUCTS_DIR; };
		67F2E3941D6BDE8F002585C2 /* main.m */ = {isa = PBXFileReference; lastKnownFileType = sourcecode.c.objc; path = main.m; sourceTree = "<group>"; };
		67F2E3961D6BDE8F002585C2 /* AppDelegate.h */ = {isa = PBXFileReference; lastKnownFileType = sourcecode.c.h; path = AppDelegate.h; sourceTree = "<group>"; };
		67F2E3971D6BDE8F002585C2 /* AppDelegate.m */ = {isa = PBXFileReference; lastKnownFileType = sourcecode.c.objc; path = AppDelegate.m; sourceTree = "<group>"; };
		67F2E39F1D6BDE8F002585C2 /* Assets.xcassets */ = {isa = PBXFileReference; lastKnownFileType = folder.assetcatalog; path = Assets.xcassets; sourceTree = "<group>"; };
		67F2E3A41D6BDE8F002585C2 /* Info.plist */ = {isa = PBXFileReference; lastKnownFileType = text.plist.xml; path = Info.plist; sourceTree = "<group>"; };
		67F2E3AA1D6BDEB9002585C2 /* mainViewController.h */ = {isa = PBXFileReference; fileEncoding = 4; lastKnownFileType = sourcecode.c.h; path = mainViewController.h; sourceTree = "<group>"; };
		67F2E3AB1D6BDEB9002585C2 /* mainViewController.m */ = {isa = PBXFileReference; fileEncoding = 4; lastKnownFileType = sourcecode.c.objc; path = mainViewController.m; sourceTree = "<group>"; };
		67F2E3D31D6BE112002585C2 /* secondViewController.h */ = {isa = PBXFileReference; fileEncoding = 4; lastKnownFileType = sourcecode.c.h; path = secondViewController.h; sourceTree = "<group>"; };
		67F2E3D41D6BE112002585C2 /* secondViewController.m */ = {isa = PBXFileReference; fileEncoding = 4; lastKnownFileType = sourcecode.c.objc; path = secondViewController.m; sourceTree = "<group>"; };
		67F2E3D61D6BE185002585C2 /* BaiduTraceSDK.framework */ = {isa = PBXFileReference; lastKnownFileType = wrapper.framework; path = BaiduTraceSDK.framework; sourceTree = "<group>"; };
		67FF7A0A1D6C188C00266D16 /* CoreLocation.framework */ = {isa = PBXFileReference; lastKnownFileType = wrapper.framework; name = CoreLocation.framework; path = System/Library/Frameworks/CoreLocation.framework; sourceTree = SDKROOT; };
		67FF7A0C1D6C189500266D16 /* QuartzCore.framework */ = {isa = PBXFileReference; lastKnownFileType = wrapper.framework; name = QuartzCore.framework; path = System/Library/Frameworks/QuartzCore.framework; sourceTree = SDKROOT; };
		67FF7A0E1D6C189E00266D16 /* OpenGLES.framework */ = {isa = PBXFileReference; lastKnownFileType = wrapper.framework; name = OpenGLES.framework; path = System/Library/Frameworks/OpenGLES.framework; sourceTree = SDKROOT; };
		67FF7A101D6C18A600266D16 /* SystemConfiguration.framework */ = {isa = PBXFileReference; lastKnownFileType = wrapper.framework; name = SystemConfiguration.framework; path = System/Library/Frameworks/SystemConfiguration.framework; sourceTree = SDKROOT; };
		67FF7A121D6C18AE00266D16 /* CoreGraphics.framework */ = {isa = PBXFileReference; lastKnownFileType = wrapper.framework; name = CoreGraphics.framework; path = System/Library/Frameworks/CoreGraphics.framework; sourceTree = SDKROOT; };
		67FF7A141D6C18B600266D16 /* Security.framework */ = {isa = PBXFileReference; lastKnownFileType = wrapper.framework; name = Security.framework; path = System/Library/Frameworks/Security.framework; sourceTree = SDKROOT; };
		67FF7A161D6C18BE00266D16 /* libsqlite3.0.tbd */ = {isa = PBXFileReference; lastKnownFileType = "sourcecode.text-based-dylib-definition"; name = libsqlite3.0.tbd; path = usr/lib/libsqlite3.0.tbd; sourceTree = SDKROOT; };
		67FF7A181D6C18C700266D16 /* CoreTelephony.framework */ = {isa = PBXFileReference; lastKnownFileType = wrapper.framework; name = CoreTelephony.framework; path = System/Library/Frameworks/CoreTelephony.framework; sourceTree = SDKROOT; };
		67FF7A1A1D6C18D400266D16 /* libstdc++.6.0.9.tbd */ = {isa = PBXFileReference; lastKnownFileType = "sourcecode.text-based-dylib-definition"; name = "libstdc++.6.0.9.tbd"; path = "usr/lib/libstdc++.6.0.9.tbd"; sourceTree = SDKROOT; };
		AB8A08F318C5483CB31D26B4 /* libPods-XQQYingyanDemo.a */ = {isa = PBXFileReference; explicitFileType = archive.ar; includeInIndex = 0; path = "libPods-XQQYingyanDemo.a"; sourceTree = BUILT_PRODUCTS_DIR; };
/* End PBXFileReference section */

/* Begin PBXFrameworksBuildPhase section */
		67F2E38D1D6BDE8F002585C2 /* Frameworks */ = {
			isa = PBXFrameworksBuildPhase;
			buildActionMask = 2147483647;
			files = (
				67FF7A1B1D6C18D400266D16 /* libstdc++.6.0.9.tbd in Frameworks */,
				67FF7A191D6C18C700266D16 /* CoreTelephony.framework in Frameworks */,
				67FF7A171D6C18BE00266D16 /* libsqlite3.0.tbd in Frameworks */,
				67FF7A151D6C18B600266D16 /* Security.framework in Frameworks */,
				67FF7A131D6C18AE00266D16 /* CoreGraphics.framework in Frameworks */,
				67FF7A111D6C18A600266D16 /* SystemConfiguration.framework in Frameworks */,
				67FF7A0F1D6C189E00266D16 /* OpenGLES.framework in Frameworks */,
				67FF7A0D1D6C189500266D16 /* QuartzCore.framework in Frameworks */,
				67FF7A0B1D6C188C00266D16 /* CoreLocation.framework in Frameworks */,
				67FF7A071D6BEBF200266D16 /* BaiduTraceSDK.framework in Frameworks */,
				67F2E3D71D6BE185002585C2 /* BaiduTraceSDK.framework in Frameworks */,
				177B71BF5FFD716CB54CFA4F /* libPods-XQQYingyanDemo.a in Frameworks */,
			);
			runOnlyForDeploymentPostprocessing = 0;
		};
/* End PBXFrameworksBuildPhase section */

/* Begin PBXGroup section */
		63DE3513C89D9047502223F9 /* Frameworks */ = {
			isa = PBXGroup;
			children = (
				67FF7A1A1D6C18D400266D16 /* libstdc++.6.0.9.tbd */,
				67FF7A181D6C18C700266D16 /* CoreTelephony.framework */,
				67FF7A161D6C18BE00266D16 /* libsqlite3.0.tbd */,
				67FF7A141D6C18B600266D16 /* Security.framework */,
				67FF7A121D6C18AE00266D16 /* CoreGraphics.framework */,
				67FF7A101D6C18A600266D16 /* SystemConfiguration.framework */,
				67FF7A0E1D6C189E00266D16 /* OpenGLES.framework */,
				67FF7A0C1D6C189500266D16 /* QuartzCore.framework */,
				67FF7A0A1D6C188C00266D16 /* CoreLocation.framework */,
				AB8A08F318C5483CB31D26B4 /* libPods-XQQYingyanDemo.a */,
			);
			name = Frameworks;
			sourceTree = "<group>";
		};
		67F2E3871D6BDE8F002585C2 = {
			isa = PBXGroup;
			children = (
				67F2E3D61D6BE185002585C2 /* BaiduTraceSDK.framework */,
				67F2E3921D6BDE8F002585C2 /* XQQYingyanDemo */,
				67F2E3911D6BDE8F002585C2 /* Products */,
				B30325E72AB97CC4774B23F7 /* Pods */,
				63DE3513C89D9047502223F9 /* Frameworks */,
			);
			sourceTree = "<group>";
		};
		67F2E3911D6BDE8F002585C2 /* Products */ = {
			isa = PBXGroup;
			children = (
				67F2E3901D6BDE8F002585C2 /* XQQYingyanDemo.app */,
			);
			name = Products;
			sourceTree = "<group>";
		};
		67F2E3921D6BDE8F002585C2 /* XQQYingyanDemo */ = {
			isa = PBXGroup;
			children = (
				6728886B1D6D2FE800B8AFCC /* CuiPickerView.h */,
				6728886C1D6D2FE800B8AFCC /* CuiPickerView.m */,
				67F2E3961D6BDE8F002585C2 /* AppDelegate.h */,
				67F2E3971D6BDE8F002585C2 /* AppDelegate.m */,
				67F2E3AA1D6BDEB9002585C2 /* mainViewController.h */,
				67F2E3AB1D6BDEB9002585C2 /* mainViewController.m */,
				67F2E3D31D6BE112002585C2 /* secondViewController.h */,
				67F2E3D41D6BE112002585C2 /* secondViewController.m */,
				67F2E3931D6BDE8F002585C2 /* Supporting Files */,
			);
			path = XQQYingyanDemo;
			sourceTree = "<group>";
		};
		67F2E3931D6BDE8F002585C2 /* Supporting Files */ = {
			isa = PBXGroup;
			children = (
				67F2E39F1D6BDE8F002585C2 /* Assets.xcassets */,
				67F2E3A41D6BDE8F002585C2 /* Info.plist */,
				67F2E3941D6BDE8F002585C2 /* main.m */,
			);
			name = "Supporting Files";
			sourceTree = "<group>";
		};
		B30325E72AB97CC4774B23F7 /* Pods */ = {
			isa = PBXGroup;
			children = (
				48109ED8CCDA2F2062F1360F /* Pods-XQQYingyanDemo.debug.xcconfig */,
				3F5A0332841E6D9A3A442BE8 /* Pods-XQQYingyanDemo.release.xcconfig */,
			);
			name = Pods;
			sourceTree = "<group>";
		};
/* End PBXGroup section */

/* Begin PBXNativeTarget section */
		67F2E38F1D6BDE8F002585C2 /* XQQYingyanDemo */ = {
			isa = PBXNativeTarget;
			buildConfigurationList = 67F2E3A71D6BDE8F002585C2 /* Build configuration list for PBXNativeTarget "XQQYingyanDemo" */;
			buildPhases = (
				1841D973EA1FB35F3DA75398 /* [CP] Check Pods Manifest.lock */,
				67F2E38C1D6BDE8F002585C2 /* Sources */,
				67F2E38D1D6BDE8F002585C2 /* Frameworks */,
				67F2E38E1D6BDE8F002585C2 /* Resources */,
				408C8BBEA8FF50D17678480B /* [CP] Embed Pods Frameworks */,
				89ACCDFDAB5341135759295B /* [CP] Copy Pods Resources */,
				67FF7A091D6BEBF200266D16 /* Embed Frameworks */,
			);
			buildRules = (
			);
			dependencies = (
			);
			name = XQQYingyanDemo;
			productName = XQQYingyanDemo;
			productReference = 67F2E3901D6BDE8F002585C2 /* XQQYingyanDemo.app */;
			productType = "com.apple.product-type.application";
		};
/* End PBXNativeTarget section */

/* Begin PBXProject section */
		67F2E3881D6BDE8F002585C2 /* Project object */ = {
			isa = PBXProject;
			attributes = {
				LastUpgradeCheck = 0730;
				ORGANIZATIONNAME = UIP;
				TargetAttributes = {
					67F2E38F1D6BDE8F002585C2 = {
						CreatedOnToolsVersion = 7.3.1;
					};
				};
			};
			buildConfigurationList = 67F2E38B1D6BDE8F002585C2 /* Build configuration list for PBXProject "XQQYingyanDemo" */;
			compatibilityVersion = "Xcode 3.2";
			developmentRegion = English;
			hasScannedForEncodings = 0;
			knownRegions = (
				en,
				Base,
			);
			mainGroup = 67F2E3871D6BDE8F002585C2;
			productRefGroup = 67F2E3911D6BDE8F002585C2 /* Products */;
			projectDirPath = "";
			projectRoot = "";
			targets = (
				67F2E38F1D6BDE8F002585C2 /* XQQYingyanDemo */,
			);
		};
/* End PBXProject section */

/* Begin PBXResourcesBuildPhase section */
		67F2E38E1D6BDE8F002585C2 /* Resources */ = {
			isa = PBXResourcesBuildPhase;
			buildActionMask = 2147483647;
			files = (
				67F2E3A01D6BDE8F002585C2 /* Assets.xcassets in Resources */,
			);
			runOnlyForDeploymentPostprocessing = 0;
		};
/* End PBXResourcesBuildPhase section */

/* Begin PBXShellScriptBuildPhase section */
		1841D973EA1FB35F3DA75398 /* [CP] Check Pods Manifest.lock */ = {
			isa = PBXShellScriptBuildPhase;
			buildActionMask = 2147483647;
			files = (
			);
			inputPaths = (
			);
			name = "[CP] Check Pods Manifest.lock";
			outputPaths = (
			);
			runOnlyForDeploymentPostprocessing = 0;
			shellPath = /bin/sh;
			shellScript = "diff \"${PODS_ROOT}/../Podfile.lock\" \"${PODS_ROOT}/Manifest.lock\" > /dev/null\nif [[ $? != 0 ]] ; then\n    cat << EOM\nerror: The sandbox is not in sync with the Podfile.lock. Run 'pod install' or update your CocoaPods installation.\nEOM\n    exit 1\nfi\n";
			showEnvVarsInLog = 0;
		};
		408C8BBEA8FF50D17678480B /* [CP] Embed Pods Frameworks */ = {
			isa = PBXShellScriptBuildPhase;
			buildActionMask = 2147483647;
			files = (
			);
			inputPaths = (
			);
			name = "[CP] Embed Pods Frameworks";
			outputPaths = (
			);
			runOnlyForDeploymentPostprocessing = 0;
			shellPath = /bin/sh;
			shellScript = "\"${SRCROOT}/Pods/Target Support Files/Pods-XQQYingyanDemo/Pods-XQQYingyanDemo-frameworks.sh\"\n";
			showEnvVarsInLog = 0;
		};
		89ACCDFDAB5341135759295B /* [CP] Copy Pods Resources */ = {
			isa = PBXShellScriptBuildPhase;
			buildActionMask = 2147483647;
			files = (
			);
			inputPaths = (
			);
			name = "[CP] Copy Pods Resources";
			outputPaths = (
			);
			runOnlyForDeploymentPostprocessing = 0;
			shellPath = /bin/sh;
			shellScript = "\"${SRCROOT}/Pods/Target Support Files/Pods-XQQYingyanDemo/Pods-XQQYingyanDemo-resources.sh\"\n";
			showEnvVarsInLog = 0;
		};
/* End PBXShellScriptBuildPhase section */

/* Begin PBXSourcesBuildPhase section */
		67F2E38C1D6BDE8F002585C2 /* Sources */ = {
			isa = PBXSourcesBuildPhase;
			buildActionMask = 2147483647;
			files = (
				6728886D1D6D2FE800B8AFCC /* CuiPickerView.m in Sources */,
				67F2E3D51D6BE112002585C2 /* secondViewController.m in Sources */,
				67F2E3AC1D6BDEB9002585C2 /* mainViewController.m in Sources */,
				67F2E3981D6BDE8F002585C2 /* AppDelegate.m in Sources */,
				67F2E3951D6BDE8F002585C2 /* main.m in Sources */,
			);
			runOnlyForDeploymentPostprocessing = 0;
		};
/* End PBXSourcesBuildPhase section */

/* Begin XCBuildConfiguration section */
		67F2E3A51D6BDE8F002585C2 /* Debug */ = {
			isa = XCBuildConfiguration;
			buildSettings = {
				ALWAYS_SEARCH_USER_PATHS = NO;
				CLANG_ANALYZER_NONNULL = YES;
				CLANG_CXX_LANGUAGE_STANDARD = "gnu++0x";
				CLANG_CXX_LIBRARY = "libc++";
				CLANG_ENABLE_MODULES = YES;
				CLANG_ENABLE_OBJC_ARC = YES;
				CLANG_WARN_BOOL_CONVERSION = YES;
				CLANG_WARN_CONSTANT_CONVERSION = YES;
				CLANG_WARN_DIRECT_OBJC_ISA_USAGE = YES_ERROR;
				CLANG_WARN_EMPTY_BODY = YES;
				CLANG_WARN_ENUM_CONVERSION = YES;
				CLANG_WARN_INT_CONVERSION = YES;
				CLANG_WARN_OBJC_ROOT_CLASS = YES_ERROR;
				CLANG_WARN_UNREACHABLE_CODE = YES;
				CLANG_WARN__DUPLICATE_METHOD_MATCH = YES;
				"CODE_SIGN_IDENTITY[sdk=iphoneos*]" = "iPhone Developer";
				COPY_PHASE_STRIP = NO;
				DEBUG_INFORMATION_FORMAT = dwarf;
				ENABLE_STRICT_OBJC_MSGSEND = YES;
				ENABLE_TESTABILITY = YES;
				GCC_C_LANGUAGE_STANDARD = gnu99;
				GCC_DYNAMIC_NO_PIC = NO;
				GCC_NO_COMMON_BLOCKS = YES;
				GCC_OPTIMIZATION_LEVEL = 0;
				GCC_PREPROCESSOR_DEFINITIONS = (
					"DEBUG=1",
					"$(inherited)",
				);
				GCC_WARN_64_TO_32_BIT_CONVERSION = YES;
				GCC_WARN_ABOUT_RETURN_TYPE = YES_ERROR;
				GCC_WARN_UNDECLARED_SELECTOR = YES;
				GCC_WARN_UNINITIALIZED_AUTOS = YES_AGGRESSIVE;
				GCC_WARN_UNUSED_FUNCTION = YES;
				GCC_WARN_UNUSED_VARIABLE = YES;
				IPHONEOS_DEPLOYMENT_TARGET = 9.3;
				MTL_ENABLE_DEBUG_INFO = YES;
				ONLY_ACTIVE_ARCH = YES;
				SDKROOT = iphoneos;
				TARGETED_DEVICE_FAMILY = "1,2";
			};
			name = Debug;
		};
		67F2E3A61D6BDE8F002585C2 /* Release */ = {
			isa = XCBuildConfiguration;
			buildSettings = {
				ALWAYS_SEARCH_USER_PATHS = NO;
				CLANG_ANALYZER_NONNULL = YES;
				CLANG_CXX_LANGUAGE_STANDARD = "gnu++0x";
				CLANG_CXX_LIBRARY = "libc++";
				CLANG_ENABLE_MODULES = YES;
				CLANG_ENABLE_OBJC_ARC = YES;
				CLANG_WARN_BOOL_CONVERSION = YES;
				CLANG_WARN_CONSTANT_CONVERSION = YES;
				CLANG_WARN_DIRECT_OBJC_ISA_USAGE = YES_ERROR;
				CLANG_WARN_EMPTY_BODY = YES;
				CLANG_WARN_ENUM_CONVERSION = YES;
				CLANG_WARN_INT_CONVERSION = YES;
				CLANG_WARN_OBJC_ROOT_CLASS = YES_ERROR;
				CLANG_WARN_UNREACHABLE_CODE = YES;
				CLANG_WARN__DUPLICATE_METHOD_MATCH = YES;
				"CODE_SIGN_IDENTITY[sdk=iphoneos*]" = "iPhone Developer";
				COPY_PHASE_STRIP = NO;
				DEBUG_INFORMATION_FORMAT = "dwarf-with-dsym";
				ENABLE_NS_ASSERTIONS = NO;
				ENABLE_STRICT_OBJC_MSGSEND = YES;
				GCC_C_LANGUAGE_STANDARD = gnu99;
				GCC_NO_COMMON_BLOCKS = YES;
				GCC_WARN_64_TO_32_BIT_CONVERSION = YES;
				GCC_WARN_ABOUT_RETURN_TYPE = YES_ERROR;
				GCC_WARN_UNDECLARED_SELECTOR = YES;
				GCC_WARN_UNINITIALIZED_AUTOS = YES_AGGRESSIVE;
				GCC_WARN_UNUSED_FUNCTION = YES;
				GCC_WARN_UNUSED_VARIABLE = YES;
				IPHONEOS_DEPLOYMENT_TARGET = 9.3;
				MTL_ENABLE_DEBUG_INFO = NO;
				SDKROOT = iphoneos;
				TARGETED_DEVICE_FAMILY = "1,2";
				VALIDATE_PRODUCT = YES;
			};
			name = Release;
		};
		67F2E3A81D6BDE8F002585C2 /* Debug */ = {
			isa = XCBuildConfiguration;
			baseConfigurationReference = 48109ED8CCDA2F2062F1360F /* Pods-XQQYingyanDemo.debug.xcconfig */;
			buildSettings = {
				ASSETCATALOG_COMPILER_APPICON_NAME = AppIcon;
				EMBEDDED_CONTENT_CONTAINS_SWIFT = YES;
				ENABLE_BITCODE = NO;
				FRAMEWORK_SEARCH_PATHS = (
					"$(inherited)",
					"$(PROJECT_DIR)",
					"$(PROJECT_DIR)/",
					BaiduTraceSDK.framework/,
				);
				HEADER_SEARCH_PATHS = "$(PROJECT_DIR)/BaiduTraceSDK.framework/Headers/";
				INFOPLIST_FILE = XQQYingyanDemo/Info.plist;
				LD_RUNPATH_SEARCH_PATHS = "$(inherited) @executable_path/Frameworks";
				PRODUCT_BUNDLE_IDENTIFIER = UIP.XQQYingyanDemo;
				PRODUCT_NAME = "$(TARGET_NAME)";
			};
			name = Debug;
		};
		67F2E3A91D6BDE8F002585C2 /* Release */ = {
			isa = XCBuildConfiguration;
			baseConfigurationReference = 3F5A0332841E6D9A3A442BE8 /* Pods-XQQYingyanDemo.release.xcconfig */;
			buildSettings = {
				ASSETCATALOG_COMPILER_APPICON_NAME = AppIcon;
				EMBEDDED_CONTENT_CONTAINS_SWIFT = YES;
				ENABLE_BITCODE = NO;
				FRAMEWORK_SEARCH_PATHS = (
					"$(inherited)",
					"$(PROJECT_DIR)",
					"$(PROJECT_DIR)/",
					BaiduTraceSDK.framework/,
				);
				HEADER_SEARCH_PATHS = "$(PROJECT_DIR)/BaiduTraceSDK.framework/Headers/";
				INFOPLIST_FILE = XQQYingyanDemo/Info.plist;
				LD_RUNPATH_SEARCH_PATHS = "$(inherited) @executable_path/Frameworks";
				PRODUCT_BUNDLE_IDENTIFIER = UIP.XQQYingyanDemo;
				PRODUCT_NAME = "$(TARGET_NAME)";
			};
			name = Release;
		};
/* End XCBuildConfiguration section */

/* Begin XCConfigurationList section */
		67F2E38B1D6BDE8F002585C2 /* Build configuration list for PBXProject "XQQYingyanDemo" */ = {
			isa = XCConfigurationList;
			buildConfigurations = (
				67F2E3A51D6BDE8F002585C2 /* Debug */,
				67F2E3A61D6BDE8F002585C2 /* Release */,
			);
			defaultConfigurationIsVisible = 0;
			defaultConfigurationName = Release;
		};
		67F2E3A71D6BDE8F002585C2 /* Build configuration list for PBXNativeTarget "XQQYingyanDemo" */ = {
			isa = XCConfigurationList;
			buildConfigurations = (
				67F2E3A81D6BDE8F002585C2 /* Debug */,
				67F2E3A91D6BDE8F002585C2 /* Release */,
			);
			defaultConfigurationIsVisible = 0;
			defaultConfigurationName = Release;
		};
/* End XCConfigurationList section */
	};
	rootObject = 67F2E3881D6BDE8F002585C2 /* Project object */;
}
